
Microsoft Visual Studio Solution File, Format Version 12.00
# Visual Studio Version 17
VisualStudioVersion = 17.8.34408.163
MinimumVisualStudioVersion = 10.0.40219.1
Project("{FAE04EC0-301F-11D3-BF4B-00C04F79EFBC}") = "Copyfiles", "Copyfiles\Copyfiles.csproj", "{00CB855A-FC39-4336-840E-613F39DFC117}"
EndProject
Global
	GlobalSection(SolutionConfigurationPlatforms) = preSolution
		Debug|Any CPU = Debug|Any CPU
		Release|Any CPU = Release|Any CPU
	EndGlobalSection
	GlobalSection(ProjectConfigurationPlatforms) = postSolution
		{00CB855A-FC39-4336-840E-613F39DFC117}.Debug|Any CPU.ActiveCfg = Debug|Any CPU
		{00CB855A-FC39-4336-840E-613F39DFC117}.Debug|Any CPU.Build.0 = Debug|Any CPU
		{00CB855A-FC39-4336-840E-613F39DFC117}.Release|Any CPU.ActiveCfg = Release|Any CPU
		{00CB855A-FC39-4336-840E-613F39DFC117}.Release|Any CPU.Build.0 = Release|Any CPU
	EndGlobalSection
	GlobalSection(SolutionProperties) = preSolution
		HideSolutionNode = FALSE
	EndGlobalSection
	GlobalSection(ExtensibilityGlobals) = postSolution
		SolutionGuid = {11FB2D59-98D3-463A-9656-4DD913323580}
	EndGlobalSection
EndGlobal
