
Microsoft Visual Studio Solution File, Format Version 12.00
# Visual Studio Version 17
VisualStudioVersion = 17.8.34408.163
MinimumVisualStudioVersion = 10.0.40219.1
Project("{FAE04EC0-301F-11D3-BF4B-00C04F79EFBC}") = "CreateBackup", "CreateBackup\CreateBackup.csproj", "{9A70B41B-8335-4495-9ED2-988418FDD810}"
EndProject
Global
	GlobalSection(SolutionConfigurationPlatforms) = preSolution
		Debug|Any CPU = Debug|Any CPU
		Release|Any CPU = Release|Any CPU
	EndGlobalSection
	GlobalSection(ProjectConfigurationPlatforms) = postSolution
		{9A70B41B-8335-4495-9ED2-988418FDD810}.Debug|Any CPU.ActiveCfg = Debug|Any CPU
		{9A70B41B-8335-4495-9ED2-988418FDD810}.Debug|Any CPU.Build.0 = Debug|Any CPU
		{9A70B41B-8335-4495-9ED2-988418FDD810}.Release|Any CPU.ActiveCfg = Release|Any CPU
		{9A70B41B-8335-4495-9ED2-988418FDD810}.Release|Any CPU.Build.0 = Release|Any CPU
	EndGlobalSection
	GlobalSection(SolutionProperties) = preSolution
		HideSolutionNode = FALSE
	EndGlobalSection
	GlobalSection(ExtensibilityGlobals) = postSolution
		SolutionGuid = {13638B47-6806-41A2-B412-E04F7DBB4DC9}
	EndGlobalSection
EndGlobal
